<?xml version="1.0" encoding="utf-8"?>
<Project ToolsVersion="4.0" xmlns="http://schemas.microsoft.com/developer/msbuild/2003">
  <ItemGroup>
    <ClCompile Include="Aircraft.cpp" />
    <ClCompile Include="Entity.cpp" />
    <ClCompile Include="Game.cpp" />
    <ClCompile Include="main.cpp" />
    <ClCompile Include="SceneNode.cpp" />
    <ClCompile Include="Background.cpp" />
    <ClCompile Include="World.cpp" />
    <ClCompile Include="Common\d3dApp.cpp">
      <Filter>Common</Filter>
    </ClCompile>
    <ClCompile Include="Common\d3dUtil.cpp">
      <Filter>Common</Filter>
    </ClCompile>
    <ClCompile Include="Common\DDSTextureLoader.cpp">
      <Filter>Common</Filter>
    </ClCompile>
    <ClCompile Include="FrameResource.cpp">
      <Filter>Common</Filter>
    </ClCompile>
    <ClCompile Include="Common\GameTimer.cpp">
      <Filter>Common</Filter>
    </ClCompile>
    <ClCompile Include="Common\GeometryGenerator.cpp">
      <Filter>Common</Filter>
    </ClCompile>
    <ClCompile Include="Common\MathHelper.cpp">
      <Filter>Common</Filter>
    </ClCompile>
    <ClCompile Include="Common\Camera.cpp">
      <Filter>Common</Filter>
    </ClCompile>
    <ClCompile Include="CommandQueue.cpp" />
    <ClCompile Include="Command.cpp" />
    <ClCompile Include="Player.cpp" />
    <ClCompile Include="SplashScreen.cpp" />
    <ClCompile Include="Text.cpp" />
    <ClCompile Include="Pause.cpp" />
    <ClCompile Include="Menu.cpp" />
    <ClCompile Include="SpirteNode.cpp" />
    <ClCompile Include="State.cpp" />
    <ClCompile Include="StateStack.cpp" />
  </ItemGroup>
  <ItemGroup>
    <ClInclude Include="Aircraft.h" />
    <ClInclude Include="Entity.h" />
    <ClInclude Include="Game.h" />
    <ClInclude Include="SceneNode.h" />
    <ClInclude Include="Background.h" />
    <ClInclude Include="World.h" />
    <ClInclude Include="Common\d3dApp.h">
      <Filter>Common</Filter>
    </ClInclude>
    <ClInclude Include="Common\d3dUtil.h">
      <Filter>Common</Filter>
    </ClInclude>
    <ClInclude Include="Common\d3dx12.h">
      <Filter>Common</Filter>
    </ClInclude>
    <ClInclude Include="Common\DDSTextureLoader.h">
      <Filter>Common</Filter>
    </ClInclude>
    <ClInclude Include="FrameResource.h">
      <Filter>Common</Filter>
    </ClInclude>
    <ClInclude Include="Common\GameTimer.h">
      <Filter>Common</Filter>
    </ClInclude>
    <ClInclude Include="Common\GeometryGenerator.h">
      <Filter>Common</Filter>
    </ClInclude>
    <ClInclude Include="Common\MathHelper.h">
      <Filter>Common</Filter>
    </ClInclude>
    <ClInclude Include="RenderItem.h">
      <Filter>Common</Filter>
    </ClInclude>
    <ClInclude Include="Common\UploadBuffer.h">
      <Filter>Common</Filter>
    </ClInclude>
    <ClInclude Include="Common\Camera.h">
      <Filter>Common</Filter>
    </ClInclude>
    <ClInclude Include="CommandQueue.h" />
    <ClInclude Include="Command.h" />
    <ClInclude Include="Category.h" />
    <ClInclude Include="Player.h" />
    <ClInclude Include="SplashScreen.h" />
    <ClInclude Include="Text.h" />
    <ClInclude Include="Pause.h" />
    <ClInclude Include="Menu.h" />
    <ClInclude Include="SpriteNode.h" />
    <ClInclude Include="State.hpp" />
    <ClInclude Include="StateStack.hpp" />
    <ClInclude Include="StateIdentifiers.h" />
  </ItemGroup>
  <ItemGroup>
    <Filter Include="Common">
      <UniqueIdentifier>{3dd0ee5b-505d-40b8-9f32-8b2ff619f09a}</UniqueIdentifier>
    </Filter>
  </ItemGroup>
</Project>